// !$*UTF8*$!
{
	archiveVersion = 1;
	classes = {
	};
	objectVersion = 50;
	objects = {

/* Begin PBXBuildFile section */
		FAA8E571246AE50B00D6D588 /* AppDelegate.swift in Sources */ = {isa = PBXBuildFile; fileRef = FAA8E570246AE50B00D6D588 /* AppDelegate.swift */; };
		FAA8E573246AE50B00D6D588 /* SceneDelegate.swift in Sources */ = {isa = PBXBuildFile; fileRef = FAA8E572246AE50B00D6D588 /* SceneDelegate.swift */; };
		FAA8E575246AE50B00D6D588 /* ViewController.swift in Sources */ = {isa = PBXBuildFile; fileRef = FAA8E574246AE50B00D6D588 /* ViewController.swift */; };
		FAA8E578246AE50B00D6D588 /* Main.storyboard in Resources */ = {isa = PBXBuildFile; fileRef = FAA8E576246AE50B00D6D588 /* Main.storyboard */; };
		FAA8E57A246AE50B00D6D588 /* Assets.xcassets in Resources */ = {isa = PBXBuildFile; fileRef = FAA8E579246AE50B00D6D588 /* Assets.xcassets */; };
		FAA8E57D246AE50B00D6D588 /* LaunchScreen.storyboard in Resources */ = {isa = PBXBuildFile; fileRef = FAA8E57B246AE50B00D6D588 /* LaunchScreen.storyboard */; };
/* End PBXBuildFile section */

/* Begin PBXFileReference section */
		FAA8E56D246AE50B00D6D588 /* BackgroundVideoLoop.app */ = {isa = PBXFileReference; explicitFileType = wrapper.application; includeInIndex = 0; path = BackgroundVideoLoop.app; sourceTree = BUILT_PRODUCTS_DIR; };
		FAA8E570246AE50B00D6D588 /* AppDelegate.swift */ = {isa = PBXFileReference; lastKnownFileType = sourcecode.swift; path = AppDelegate.swift; sourceTree = "<group>"; };
		FAA8E572246AE50B00D6D588 /* SceneDelegate.swift */ = {isa = PBXFileReference; lastKnownFileType = sourcecode.swift; path = SceneDelegate.swift; sourceTree = "<group>"; };
		FAA8E574246AE50B00D6D588 /* ViewController.swift */ = {isa = PBXFileReference; lastKnownFileType = sourcecode.swift; path = ViewController.swift; sourceTree = "<group>"; };
		FAA8E577246AE50B00D6D588 /* Base */ = {isa = PBXFileReference; lastKnownFileType = file.storyboard; name = Base; path = Base.lproj/Main.storyboard; sourceTree = "<group>"; };
		FAA8E579246AE50B00D6D588 /* Assets.xcassets */ = {isa = PBXFileReference; lastKnownFileType = folder.assetcatalog; path = Assets.xcassets; sourceTree = "<group>"; };
		FAA8E57C246AE50B00D6D588 /* Base */ = {isa = PBXFileReference; lastKnownFileType = file.storyboard; name = Base; path = Base.lproj/LaunchScreen.storyboard; sourceTree = "<group>"; };
		FAA8E57E246AE50B00D6D588 /* Info.plist */ = {isa = PBXFileReference; lastKnownFileType = text.plist.xml; path = Info.plist; sourceTree = "<group>"; };
/* End PBXFileReference section */

/* Begin PBXFrameworksBuildPhase section */
		FAA8E56A246AE50B00D6D588 /* Frameworks */ = {
			isa = PBXFrameworksBuildPhase;
			buildActionMask = 2147483647;
			files = (
			);
			runOnlyForDeploymentPostprocessing = 0;
		};
/* End PBXFrameworksBuildPhase section */

/* Begin PBXGroup section */
		FAA8E564246AE50B00D6D588 = {
			isa = PBXGroup;
			children = (
				FAA8E56F246AE50B00D6D588 /* BackgroundVideoLoop */,
				FAA8E56E246AE50B00D6D588 /* Products */,
			);
			sourceTree = "<group>";
		};
		FAA8E56E246AE50B00D6D588 /* Products */ = {
			isa = PBXGroup;
			children = (
				FAA8E56D246AE50B00D6D588 /* BackgroundVideoLoop.app */,
			);
			name = Products;
			sourceTree = "<group>";
		};
		FAA8E56F246AE50B00D6D588 /* BackgroundVideoLoop */ = {
			isa = PBXGroup;
			children = (
				FAA8E570246AE50B00D6D588 /* AppDelegate.swift */,
				FAA8E572246AE50B00D6D588 /* SceneDelegate.swift */,
				FAA8E574246AE50B00D6D588 /* ViewController.swift */,
				FAA8E576246AE50B00D6D588 /* Main.storyboard */,
				FAA8E579246AE50B00D6D588 /* Assets.xcassets */,
				FAA8E57B246AE50B00D6D588 /* LaunchScreen.storyboard */,
				FAA8E57E246AE50B00D6D588 /* Info.plist */,
			);
			path = BackgroundVideoLoop;
			sourceTree = "<group>";
		};
/* End PBXGroup section */

/* Begin PBXNativeTarget section */
		FAA8E56C246AE50B00D6D588 /* BackgroundVideoLoop */ = {
			isa = PBXNativeTarget;
			buildConfigurationList = FAA8E581246AE50B00D6D588 /* Build configuration list for PBXNativeTarget "BackgroundVideoLoop" */;
			buildPhases = (
				FAA8E569246AE50B00D6D588 /* Sources */,
				FAA8E56A246AE50B00D6D588 /* Frameworks */,
				FAA8E56B246AE50B00D6D588 /* Resources */,
			);
			buildRules = (
			);
			dependencies = (
			);
			name = BackgroundVideoLoop;
			productName = BackgroundVideoLoop;
			productReference = FAA8E56D246AE50B00D6D588 /* BackgroundVideoLoop.app */;
			productType = "com.apple.product-type.application";
		};
/* End PBXNativeTarget section */

/* Begin PBXProject section */
		FAA8E565246AE50B00D6D588 /* Project object */ = {
			isa = PBXProject;
			attributes = {
				LastSwiftUpdateCheck = 1140;
				LastUpgradeCheck = 1140;
				ORGANIZATIONNAME = "Sergey Fedotov";
				TargetAttributes = {
					FAA8E56C246AE50B00D6D588 = {
						CreatedOnToolsVersion = 11.4.1;
					};
				};
			};
			buildConfigurationList = FAA8E568246AE50B00D6D588 /* Build configuration list for PBXProject "BackgroundVideoLoop" */;
			compatibilityVersion = "Xcode 9.3";
			developmentRegion = en;
			hasScannedForEncodings = 0;
			knownRegions = (
				en,
				Base,
			);
			mainGroup = FAA8E564246AE50B00D6D588;
			productRefGroup = FAA8E56E246AE50B00D6D588 /* Products */;
			projectDirPath = "";
			projectRoot = "";
			targets = (
				FAA8E56C246AE50B00D6D588 /* BackgroundVideoLoop */,
			);
		};
/* End PBXProject section */

/* Begin PBXResourcesBuildPhase section */
		FAA8E56B246AE50B00D6D588 /* Resources */ = {
			isa = PBXResourcesBuildPhase;
			buildActionMask = 2147483647;
			files = (
				FAA8E57D246AE50B00D6D588 /* LaunchScreen.storyboard in Resources */,
				FAA8E57A246AE50B00D6D588 /* Assets.xcassets in Resources */,
				FAA8E578246AE50B00D6D588 /* Main.storyboard in Resources */,
			);
			runOnlyForDeploymentPostprocessing = 0;
		};
/* End PBXResourcesBuildPhase section */

/* Begin PBXSourcesBuildPhase section */
		FAA8E569246AE50B00D6D588 /* Sources */ = {
			isa = PBXSourcesBuildPhase;
			buildActionMask = 2147483647;
			files = (
				FAA8E575246AE50B00D6D588 /* ViewController.swift in Sources */,
				FAA8E571246AE50B00D6D588 /* AppDelegate.swift in Sources */,
				FAA8E573246AE50B00D6D588 /* SceneDelegate.swift in Sources */,
			);
			runOnlyForDeploymentPostprocessing = 0;
		};
/* End PBXSourcesBuildPhase section */

/* Begin PBXVariantGroup section */
		FAA8E576246AE50B00D6D588 /* Main.storyboard */ = {
			isa = PBXVariantGroup;
			children = (
				FAA8E577246AE50B00D6D588 /* Base */,
			);
			name = Main.storyboard;
			sourceTree = "<group>";
		};
		FAA8E57B246AE50B00D6D588 /* LaunchScreen.storyboard */ = {
			isa = PBXVariantGroup;
			children = (
				FAA8E57C246AE50B00D6D588 /* Base */,
			);
			name = LaunchScreen.storyboard;
			sourceTree = "<group>";
		};
/* End PBXVariantGroup section */

/* Begin XCBuildConfiguration section */
		FAA8E57F246AE50B00D6D588 /* Debug */ = {
			isa = XCBuildConfiguration;
			buildSettings = {
				ALWAYS_SEARCH_USER_PATHS = NO;
				CLANG_ANALYZER_NONNULL = YES;
				CLANG_ANALYZER_NUMBER_OBJECT_CONVERSION = YES_AGGRESSIVE;
				CLANG_CXX_LANGUAGE_STANDARD = "gnu++14";
				CLANG_CXX_LIBRARY = "libc++";
				CLANG_ENABLE_MODULES = YES;
				CLANG_ENABLE_OBJC_ARC = YES;
				CLANG_ENABLE_OBJC_WEAK = YES;
				CLANG_WARN_BLOCK_CAPTURE_AUTORELEASING = YES;
				CLANG_WARN_BOOL_CONVERSION = YES;
				CLANG_WARN_COMMA = YES;
				CLANG_WARN_CONSTANT_CONVERSION = YES;
				CLANG_WARN_DEPRECATED_OBJC_IMPLEMENTATIONS = YES;
				CLANG_WARN_DIRECT_OBJC_ISA_USAGE = YES_ERROR;
				CLANG_WARN_DOCUMENTATION_COMMENTS = YES;
				CLANG_WARN_EMPTY_BODY = YES;
				CLANG_WARN_ENUM_CONVERSION = YES;
				CLANG_WARN_INFINITE_RECURSION = YES;
				CLANG_WARN_INT_CONVERSION = YES;
				CLANG_WARN_NON_LITERAL_NULL_CONVERSION = YES;
				CLANG_WARN_OBJC_IMPLICIT_RETAIN_SELF = YES;
				CLANG_WARN_OBJC_LITERAL_CONVERSION = YES;
				CLANG_WARN_OBJC_ROOT_CLASS = YES_ERROR;
				CLANG_WARN_RANGE_LOOP_ANALYSIS = YES;
				CLANG_WARN_STRICT_PROTOTYPES = YES;
				CLANG_WARN_SUSPICIOUS_MOVE = YES;
				CLANG_WARN_UNGUARDED_AVAILABILITY = YES_AGGRESSIVE;
				CLANG_WARN_UNREACHABLE_CODE = YES;
				CLANG_WARN__DUPLICATE_METHOD_MATCH = YES;
				COPY_PHASE_STRIP = NO;
				DEBUG_INFORMATION_FORMAT = dwarf;
				ENABLE_STRICT_OBJC_MSGSEND = YES;
				ENABLE_TESTABILITY = YES;
				GCC_C_LANGUAGE_STANDARD = gnu11;
				GCC_DYNAMIC_NO_PIC = NO;
				GCC_NO_COMMON_BLOCKS = YES;
				GCC_OPTIMIZATION_LEVEL = 0;
				GCC_PREPROCESSOR_DEFINITIONS = (
					"DEBUG=1",
					"$(inherited)",
				);
				GCC_WARN_64_TO_32_BIT_CONVERSION = YES;
				GCC_WARN_ABOUT_RETURN_TYPE = YES_ERROR;
				GCC_WARN_UNDECLARED_SELECTOR = YES;
				GCC_WARN_UNINITIALIZED_AUTOS = YES_AGGRESSIVE;
				GCC_WARN_UNUSED_FUNCTION = YES;
				GCC_WARN_UNUSED_VARIABLE = YES;
				IPHONEOS_DEPLOYMENT_TARGET = 13.4;
				MTL_ENABLE_DEBUG_INFO = INCLUDE_SOURCE;
				MTL_FAST_MATH = YES;
				ONLY_ACTIVE_ARCH = YES;
				SDKROOT = iphoneos;
				SWIFT_ACTIVE_COMPILATION_CONDITIONS = DEBUG;
				SWIFT_OPTIMIZATION_LEVEL = "-Onone";
			};
			name = Debug;
		};
		FAA8E580246AE50B00D6D588 /* Release */ = {
			isa = XCBuildConfiguration;
			buildSettings = {
				ALWAYS_SEARCH_USER_PATHS = NO;
				CLANG_ANALYZER_NONNULL = YES;
				CLANG_ANALYZER_NUMBER_OBJECT_CONVERSION = YES_AGGRESSIVE;
				CLANG_CXX_LANGUAGE_STANDARD = "gnu++14";
				CLANG_CXX_LIBRARY = "libc++";
				CLANG_ENABLE_MODULES = YES;
				CLANG_ENABLE_OBJC_ARC = YES;
				CLANG_ENABLE_OBJC_WEAK = YES;
				CLANG_WARN_BLOCK_CAPTURE_AUTORELEASING = YES;
				CLANG_WARN_BOOL_CONVERSION = YES;
				CLANG_WARN_COMMA = YES;
				CLANG_WARN_CONSTANT_CONVERSION = YES;
				CLANG_WARN_DEPRECATED_OBJC_IMPLEMENTATIONS = YES;
				CLANG_WARN_DIRECT_OBJC_ISA_USAGE = YES_ERROR;
				CLANG_WARN_DOCUMENTATION_COMMENTS = YES;
				CLANG_WARN_EMPTY_BODY = YES;
				CLANG_WARN_ENUM_CONVERSION = YES;
				CLANG_WARN_INFINITE_RECURSION = YES;
				CLANG_WARN_INT_CONVERSION = YES;
				CLANG_WARN_NON_LITERAL_NULL_CONVERSION = YES;
				CLANG_WARN_OBJC_IMPLICIT_RETAIN_SELF = YES;
				CLANG_WARN_OBJC_LITERAL_CONVERSION = YES;
				CLANG_WARN_OBJC_ROOT_CLASS = YES_ERROR;
				CLANG_WARN_RANGE_LOOP_ANALYSIS = YES;
				CLANG_WARN_STRICT_PROTOTYPES = YES;
				CLANG_WARN_SUSPICIOUS_MOVE = YES;
				CLANG_WARN_UNGUARDED_AVAILABILITY = YES_AGGRESSIVE;
				CLANG_WARN_UNREACHABLE_CODE = YES;
				CLANG_WARN__DUPLICATE_METHOD_MATCH = YES;
				COPY_PHASE_STRIP = NO;
				DEBUG_INFORMATION_FORMAT = "dwarf-with-dsym";
				ENABLE_NS_ASSERTIONS = NO;
				ENABLE_STRICT_OBJC_MSGSEND = YES;
				GCC_C_LANGUAGE_STANDARD = gnu11;
				GCC_NO_COMMON_BLOCKS = YES;
				GCC_WARN_64_TO_32_BIT_CONVERSION = YES;
				GCC_WARN_ABOUT_RETURN_TYPE = YES_ERROR;
				GCC_WARN_UNDECLARED_SELECTOR = YES;
				GCC_WARN_UNINITIALIZED_AUTOS = YES_AGGRESSIVE;
				GCC_WARN_UNUSED_FUNCTION = YES;
				GCC_WARN_UNUSED_VARIABLE = YES;
				IPHONEOS_DEPLOYMENT_TARGET = 13.4;
				MTL_ENABLE_DEBUG_INFO = NO;
				MTL_FAST_MATH = YES;
				SDKROOT = iphoneos;
				SWIFT_COMPILATION_MODE = wholemodule;
				SWIFT_OPTIMIZATION_LEVEL = "-O";
				VALIDATE_PRODUCT = YES;
			};
			name = Release;
		};
		FAA8E582246AE50B00D6D588 /* Debug */ = {
			isa = XCBuildConfiguration;
			buildSettings = {
				ASSETCATALOG_COMPILER_APPICON_NAME = AppIcon;
				CODE_SIGN_STYLE = Automatic;
				DEVELOPMENT_TEAM = KXDT64LHVB;
				INFOPLIST_FILE = BackgroundVideoLoop/Info.plist;
				LD_RUNPATH_SEARCH_PATHS = (
					"$(inherited)",
					"@executable_path/Frameworks",
				);
				PRODUCT_BUNDLE_IDENTIFIER = SergeyFedotov.BackgroundVideoLoop;
				PRODUCT_NAME = "$(TARGET_NAME)";
				SWIFT_VERSION = 5.0;
				TARGETED_DEVICE_FAMILY = "1,2";
			};
			name = Debug;
		};
		FAA8E583246AE50B00D6D588 /* Release */ = {
			isa = XCBuildConfiguration;
			buildSettings = {
				ASSETCATALOG_COMPILER_APPICON_NAME = AppIcon;
				CODE_SIGN_STYLE = Automatic;
				DEVELOPMENT_TEAM = KXDT64LHVB;
				INFOPLIST_FILE = BackgroundVideoLoop/Info.plist;
				LD_RUNPATH_SEARCH_PATHS = (
					"$(inherited)",
					"@executable_path/Frameworks",
				);
				PRODUCT_BUNDLE_IDENTIFIER = SergeyFedotov.BackgroundVideoLoop;
				PRODUCT_NAME = "$(TARGET_NAME)";
				SWIFT_VERSION = 5.0;
				TARGETED_DEVICE_FAMILY = "1,2";
			};
			name = Release;
		};
/* End XCBuildConfiguration section */

/* Begin XCConfigurationList section */
		FAA8E568246AE50B00D6D588 /* Build configuration list for PBXProject "BackgroundVideoLoop" */ = {
			isa = XCConfigurationList;
			buildConfigurations = (
				FAA8E57F246AE50B00D6D588 /* Debug */,
				FAA8E580246AE50B00D6D588 /* Release */,
			);
			defaultConfigurationIsVisible = 0;
			defaultConfigurationName = Release;
		};
		FAA8E581246AE50B00D6D588 /* Build configuration list for PBXNativeTarget "BackgroundVideoLoop" */ = {
			isa = XCConfigurationList;
			buildConfigurations = (
				FAA8E582246AE50B00D6D588 /* Debug */,
				FAA8E583246AE50B00D6D588 /* Release */,
			);
			defaultConfigurationIsVisible = 0;
			defaultConfigurationName = Release;
		};
/* End XCConfigurationList section */
	};
	rootObject = FAA8E565246AE50B00D6D588 /* Project object */;
}
